
Microsoft Visual Studio Solution File, Format Version 12.00
# Visual Studio 15
VisualStudioVersion = 15.0.28307.960
MinimumVisualStudioVersion = 10.0.40219.1
Project("{FAE04EC0-301F-11D3-BF4B-00C04F79EFBC}") = "EmployeeSkills.Client", "EmployeeSkills.Client\EmployeeSkills.Client.csproj", "{5028FB11-4152-465F-9C72-E15B89438AE5}"
EndProject
Global
	GlobalSection(SolutionConfigurationPlatforms) = preSolution
		Debug|Any CPU = Debug|Any CPU
		Release|Any CPU = Release|Any CPU
	EndGlobalSection
	GlobalSection(ProjectConfigurationPlatforms) = postSolution
		{5028FB11-4152-465F-9C72-E15B89438AE5}.Debug|Any CPU.ActiveCfg = Debug|Any CPU
		{5028FB11-4152-465F-9C72-E15B89438AE5}.Debug|Any CPU.Build.0 = Debug|Any CPU
		{5028FB11-4152-465F-9C72-E15B89438AE5}.Release|Any CPU.ActiveCfg = Release|Any CPU
		{5028FB11-4152-465F-9C72-E15B89438AE5}.Release|Any CPU.Build.0 = Release|Any CPU
	EndGlobalSection
	GlobalSection(SolutionProperties) = preSolution
		HideSolutionNode = FALSE
	EndGlobalSection
	GlobalSection(ExtensibilityGlobals) = postSolution
		SolutionGuid = {E37B079D-8746-4E6D-AFB6-ABBD2471957C}
	EndGlobalSection
EndGlobal
